// !$*UTF8*$!
{
	archiveVersion = 1;
	classes = {
	};
	objectVersion = 48;
	objects = {

/* Begin PBXBuildFile section */
		18350890207F653600BCF7CE /* Net.m in Sources */ = {isa = PBXBuildFile; fileRef = 1835088F207F653600BCF7CE /* Net.m */; };
		188CC64A207F5430007D749E /* AppDelegate.m in Sources */ = {isa = PBXBuildFile; fileRef = 188CC649207F5430007D749E /* AppDelegate.m */; };
		188CC64D207F5431007D749E /* ViewController.m in Sources */ = {isa = PBXBuildFile; fileRef = 188CC64C207F5431007D749E /* ViewController.m */; };
		188CC650207F5431007D749E /* Main.storyboard in Resources */ = {isa = PBXBuildFile; fileRef = 188CC64E207F5431007D749E /* Main.storyboard */; };
		188CC652207F5431007D749E /* Assets.xcassets in Resources */ = {isa = PBXBuildFile; fileRef = 188CC651207F5431007D749E /* Assets.xcassets */; };
		188CC655207F5431007D749E /* LaunchScreen.storyboard in Resources */ = {isa = PBXBuildFile; fileRef = 188CC653207F5431007D749E /* LaunchScreen.storyboard */; };
		188CC658207F5431007D749E /* main.m in Sources */ = {isa = PBXBuildFile; fileRef = 188CC657207F5431007D749E /* main.m */; };
		D94C1DAA8AC2D84A9BDB1A9D /* libPods-NSMall.a in Frameworks */ = {isa = PBXBuildFile; fileRef = CEC0BFBB703FAFE6E76D201D /* libPods-NSMall.a */; };
/* End PBXBuildFile section */

/* Begin PBXFileReference section */
		162AA1D6179FA2D4019BE742 /* Pods-NSMall.debug.xcconfig */ = {isa = PBXFileReference; includeInIndex = 1; lastKnownFileType = text.xcconfig; name = "Pods-NSMall.debug.xcconfig"; path = "Pods/Target Support Files/Pods-NSMall/Pods-NSMall.debug.xcconfig"; sourceTree = "<group>"; };
		1835088E207F653600BCF7CE /* Net.h */ = {isa = PBXFileReference; lastKnownFileType = sourcecode.c.h; path = Net.h; sourceTree = "<group>"; };
		1835088F207F653600BCF7CE /* Net.m */ = {isa = PBXFileReference; lastKnownFileType = sourcecode.c.objc; path = Net.m; sourceTree = "<group>"; };
		18350891208059ED00BCF7CE /* PrefixHeader.pch */ = {isa = PBXFileReference; lastKnownFileType = sourcecode.c.h; path = PrefixHeader.pch; sourceTree = "<group>"; };
		188CC645207F5430007D749E /* NSMall.app */ = {isa = PBXFileReference; explicitFileType = wrapper.application; includeInIndex = 0; path = NSMall.app; sourceTree = BUILT_PRODUCTS_DIR; };
		188CC648207F5430007D749E /* AppDelegate.h */ = {isa = PBXFileReference; lastKnownFileType = sourcecode.c.h; path = AppDelegate.h; sourceTree = "<group>"; };
		188CC649207F5430007D749E /* AppDelegate.m */ = {isa = PBXFileReference; lastKnownFileType = sourcecode.c.objc; path = AppDelegate.m; sourceTree = "<group>"; };
		188CC64B207F5431007D749E /* ViewController.h */ = {isa = PBXFileReference; lastKnownFileType = sourcecode.c.h; path = ViewController.h; sourceTree = "<group>"; };
		188CC64C207F5431007D749E /* ViewController.m */ = {isa = PBXFileReference; lastKnownFileType = sourcecode.c.objc; path = ViewController.m; sourceTree = "<group>"; };
		188CC64F207F5431007D749E /* Base */ = {isa = PBXFileReference; lastKnownFileType = file.storyboard; name = Base; path = Base.lproj/Main.storyboard; sourceTree = "<group>"; };
		188CC651207F5431007D749E /* Assets.xcassets */ = {isa = PBXFileReference; lastKnownFileType = folder.assetcatalog; path = Assets.xcassets; sourceTree = "<group>"; };
		188CC654207F5431007D749E /* Base */ = {isa = PBXFileReference; lastKnownFileType = file.storyboard; name = Base; path = Base.lproj/LaunchScreen.storyboard; sourceTree = "<group>"; };
		188CC656207F5431007D749E /* Info.plist */ = {isa = PBXFileReference; lastKnownFileType = text.plist.xml; path = Info.plist; sourceTree = "<group>"; };
		188CC657207F5431007D749E /* main.m */ = {isa = PBXFileReference; lastKnownFileType = sourcecode.c.objc; path = main.m; sourceTree = "<group>"; };
		8FEDDD97CEA9FCAA52E970F0 /* Pods-NSMall.release.xcconfig */ = {isa = PBXFileReference; includeInIndex = 1; lastKnownFileType = text.xcconfig; name = "Pods-NSMall.release.xcconfig"; path = "Pods/Target Support Files/Pods-NSMall/Pods-NSMall.release.xcconfig"; sourceTree = "<group>"; };
		CEC0BFBB703FAFE6E76D201D /* libPods-NSMall.a */ = {isa = PBXFileReference; explicitFileType = archive.ar; includeInIndex = 0; path = "libPods-NSMall.a"; sourceTree = BUILT_PRODUCTS_DIR; };
/* End PBXFileReference section */

/* Begin PBXFrameworksBuildPhase section */
		188CC642207F5430007D749E /* Frameworks */ = {
			isa = PBXFrameworksBuildPhase;
			buildActionMask = 2147483647;
			files = (
				D94C1DAA8AC2D84A9BDB1A9D /* libPods-NSMall.a in Frameworks */,
			);
			runOnlyForDeploymentPostprocessing = 0;
		};
/* End PBXFrameworksBuildPhase section */

/* Begin PBXGroup section */
		1835088C207F651100BCF7CE /* Home */ = {
			isa = PBXGroup;
			children = (
			);
			path = Home;
			sourceTree = "<group>";
		};
		1835088D207F651F00BCF7CE /* Net */ = {
			isa = PBXGroup;
			children = (
				1835088E207F653600BCF7CE /* Net.h */,
				1835088F207F653600BCF7CE /* Net.m */,
			);
			path = Net;
			sourceTree = "<group>";
		};
		188CC63C207F5430007D749E = {
			isa = PBXGroup;
			children = (
				188CC647207F5430007D749E /* NSMall */,
				188CC646207F5430007D749E /* Products */,
				8F123AEEBF3F7D66C38531D5 /* Pods */,
				BD7C576969B1000AE774A23A /* Frameworks */,
			);
			sourceTree = "<group>";
		};
		188CC646207F5430007D749E /* Products */ = {
			isa = PBXGroup;
			children = (
				188CC645207F5430007D749E /* NSMall.app */,
			);
			name = Products;
			sourceTree = "<group>";
		};
		188CC647207F5430007D749E /* NSMall */ = {
			isa = PBXGroup;
			children = (
				188CC648207F5430007D749E /* AppDelegate.h */,
				188CC649207F5430007D749E /* AppDelegate.m */,
				188CC64B207F5431007D749E /* ViewController.h */,
				188CC64C207F5431007D749E /* ViewController.m */,
				1835088D207F651F00BCF7CE /* Net */,
				1835088C207F651100BCF7CE /* Home */,
				188CC64E207F5431007D749E /* Main.storyboard */,
				188CC651207F5431007D749E /* Assets.xcassets */,
				188CC653207F5431007D749E /* LaunchScreen.storyboard */,
				188CC656207F5431007D749E /* Info.plist */,
				188CC657207F5431007D749E /* main.m */,
				18350891208059ED00BCF7CE /* PrefixHeader.pch */,
			);
			path = NSMall;
			sourceTree = "<group>";
		};
		8F123AEEBF3F7D66C38531D5 /* Pods */ = {
			isa = PBXGroup;
			children = (
				162AA1D6179FA2D4019BE742 /* Pods-NSMall.debug.xcconfig */,
				8FEDDD97CEA9FCAA52E970F0 /* Pods-NSMall.release.xcconfig */,
			);
			name = Pods;
			sourceTree = "<group>";
		};
		BD7C576969B1000AE774A23A /* Frameworks */ = {
			isa = PBXGroup;
			children = (
				CEC0BFBB703FAFE6E76D201D /* libPods-NSMall.a */,
			);
			name = Frameworks;
			sourceTree = "<group>";
		};
/* End PBXGroup section */

/* Begin PBXNativeTarget section */
		188CC644207F5430007D749E /* NSMall */ = {
			isa = PBXNativeTarget;
			buildConfigurationList = 188CC65B207F5431007D749E /* Build configuration list for PBXNativeTarget "NSMall" */;
			buildPhases = (
				33BEC6C02B5D9431EF18A9F1 /* [CP] Check Pods Manifest.lock */,
				188CC641207F5430007D749E /* Sources */,
				188CC642207F5430007D749E /* Frameworks */,
				188CC643207F5430007D749E /* Resources */,
				995CCE5E04EEA43B8F254FCA /* [CP] Embed Pods Frameworks */,
				BF2C41296E9892523DE93657 /* [CP] Copy Pods Resources */,
			);
			buildRules = (
			);
			dependencies = (
			);
			name = NSMall;
			productName = NSMall;
			productReference = 188CC645207F5430007D749E /* NSMall.app */;
			productType = "com.apple.product-type.application";
		};
/* End PBXNativeTarget section */

/* Begin PBXProject section */
		188CC63D207F5430007D749E /* Project object */ = {
			isa = PBXProject;
			attributes = {
				LastUpgradeCheck = 0920;
				ORGANIZATIONNAME = www;
				TargetAttributes = {
					188CC644207F5430007D749E = {
						CreatedOnToolsVersion = 9.2;
						ProvisioningStyle = Automatic;
					};
				};
			};
			buildConfigurationList = 188CC640207F5430007D749E /* Build configuration list for PBXProject "NSMall" */;
			compatibilityVersion = "Xcode 8.0";
			developmentRegion = en;
			hasScannedForEncodings = 0;
			knownRegions = (
				en,
				Base,
			);
			mainGroup = 188CC63C207F5430007D749E;
			productRefGroup = 188CC646207F5430007D749E /* Products */;
			projectDirPath = "";
			projectRoot = "";
			targets = (
				188CC644207F5430007D749E /* NSMall */,
			);
		};
/* End PBXProject section */

/* Begin PBXResourcesBuildPhase section */
		188CC643207F5430007D749E /* Resources */ = {
			isa = PBXResourcesBuildPhase;
			buildActionMask = 2147483647;
			files = (
				188CC655207F5431007D749E /* LaunchScreen.storyboard in Resources */,
				188CC652207F5431007D749E /* Assets.xcassets in Resources */,
				188CC650207F5431007D749E /* Main.storyboard in Resources */,
			);
			runOnlyForDeploymentPostprocessing = 0;
		};
/* End PBXResourcesBuildPhase section */

/* Begin PBXShellScriptBuildPhase section */
		33BEC6C02B5D9431EF18A9F1 /* [CP] Check Pods Manifest.lock */ = {
			isa = PBXShellScriptBuildPhase;
			buildActionMask = 2147483647;
			files = (
			);
			inputPaths = (
				"${PODS_PODFILE_DIR_PATH}/Podfile.lock",
				"${PODS_ROOT}/Manifest.lock",
			);
			name = "[CP] Check Pods Manifest.lock";
			outputPaths = (
				"$(DERIVED_FILE_DIR)/Pods-NSMall-checkManifestLockResult.txt",
			);
			runOnlyForDeploymentPostprocessing = 0;
			shellPath = /bin/sh;
			shellScript = "diff \"${PODS_PODFILE_DIR_PATH}/Podfile.lock\" \"${PODS_ROOT}/Manifest.lock\" > /dev/null\nif [ $? != 0 ] ; then\n    # print error to STDERR\n    echo \"error: The sandbox is not in sync with the Podfile.lock. Run 'pod install' or update your CocoaPods installation.\" >&2\n    exit 1\nfi\n# This output is used by Xcode 'outputs' to avoid re-running this script phase.\necho \"SUCCESS\" > \"${SCRIPT_OUTPUT_FILE_0}\"\n";
			showEnvVarsInLog = 0;
		};
		995CCE5E04EEA43B8F254FCA /* [CP] Embed Pods Frameworks */ = {
			isa = PBXShellScriptBuildPhase;
			buildActionMask = 2147483647;
			files = (
			);
			inputPaths = (
			);
			name = "[CP] Embed Pods Frameworks";
			outputPaths = (
			);
			runOnlyForDeploymentPostprocessing = 0;
			shellPath = /bin/sh;
			shellScript = "\"${SRCROOT}/Pods/Target Support Files/Pods-NSMall/Pods-NSMall-frameworks.sh\"\n";
			showEnvVarsInLog = 0;
		};
		BF2C41296E9892523DE93657 /* [CP] Copy Pods Resources */ = {
			isa = PBXShellScriptBuildPhase;
			buildActionMask = 2147483647;
			files = (
			);
			inputPaths = (
				"${SRCROOT}/Pods/Target Support Files/Pods-NSMall/Pods-NSMall-resources.sh",
				"${PODS_ROOT}/MJRefresh/MJRefresh/MJRefresh.bundle",
			);
			name = "[CP] Copy Pods Resources";
			outputPaths = (
				"${TARGET_BUILD_DIR}/${UNLOCALIZED_RESOURCES_FOLDER_PATH}",
			);
			runOnlyForDeploymentPostprocessing = 0;
			shellPath = /bin/sh;
			shellScript = "\"${SRCROOT}/Pods/Target Support Files/Pods-NSMall/Pods-NSMall-resources.sh\"\n";
			showEnvVarsInLog = 0;
		};
/* End PBXShellScriptBuildPhase section */

/* Begin PBXSourcesBuildPhase section */
		188CC641207F5430007D749E /* Sources */ = {
			isa = PBXSourcesBuildPhase;
			buildActionMask = 2147483647;
			files = (
				188CC64D207F5431007D749E /* ViewController.m in Sources */,
				188CC658207F5431007D749E /* main.m in Sources */,
				188CC64A207F5430007D749E /* AppDelegate.m in Sources */,
				18350890207F653600BCF7CE /* Net.m in Sources */,
			);
			runOnlyForDeploymentPostprocessing = 0;
		};
/* End PBXSourcesBuildPhase section */

/* Begin PBXVariantGroup section */
		188CC64E207F5431007D749E /* Main.storyboard */ = {
			isa = PBXVariantGroup;
			children = (
				188CC64F207F5431007D749E /* Base */,
			);
			name = Main.storyboard;
			sourceTree = "<group>";
		};
		188CC653207F5431007D749E /* LaunchScreen.storyboard */ = {
			isa = PBXVariantGroup;
			children = (
				188CC654207F5431007D749E /* Base */,
			);
			name = LaunchScreen.storyboard;
			sourceTree = "<group>";
		};
/* End PBXVariantGroup section */

/* Begin XCBuildConfiguration section */
		188CC659207F5431007D749E /* Debug */ = {
			isa = XCBuildConfiguration;
			buildSettings = {
				ALWAYS_SEARCH_USER_PATHS = NO;
				CLANG_ANALYZER_NONNULL = YES;
				CLANG_ANALYZER_NUMBER_OBJECT_CONVERSION = YES_AGGRESSIVE;
				CLANG_CXX_LANGUAGE_STANDARD = "gnu++14";
				CLANG_CXX_LIBRARY = "libc++";
				CLANG_ENABLE_MODULES = YES;
				CLANG_ENABLE_OBJC_ARC = YES;
				CLANG_WARN_BLOCK_CAPTURE_AUTORELEASING = YES;
				CLANG_WARN_BOOL_CONVERSION = YES;
				CLANG_WARN_COMMA = YES;
				CLANG_WARN_CONSTANT_CONVERSION = YES;
				CLANG_WARN_DIRECT_OBJC_ISA_USAGE = YES_ERROR;
				CLANG_WARN_DOCUMENTATION_COMMENTS = YES;
				CLANG_WARN_EMPTY_BODY = YES;
				CLANG_WARN_ENUM_CONVERSION = YES;
				CLANG_WARN_INFINITE_RECURSION = YES;
				CLANG_WARN_INT_CONVERSION = YES;
				CLANG_WARN_NON_LITERAL_NULL_CONVERSION = YES;
				CLANG_WARN_OBJC_LITERAL_CONVERSION = YES;
				CLANG_WARN_OBJC_ROOT_CLASS = YES_ERROR;
				CLANG_WARN_RANGE_LOOP_ANALYSIS = YES;
				CLANG_WARN_STRICT_PROTOTYPES = YES;
				CLANG_WARN_SUSPICIOUS_MOVE = YES;
				CLANG_WARN_UNGUARDED_AVAILABILITY = YES_AGGRESSIVE;
				CLANG_WARN_UNREACHABLE_CODE = YES;
				CLANG_WARN__DUPLICATE_METHOD_MATCH = YES;
				CODE_SIGN_IDENTITY = "iPhone Developer";
				COPY_PHASE_STRIP = NO;
				DEBUG_INFORMATION_FORMAT = dwarf;
				ENABLE_STRICT_OBJC_MSGSEND = YES;
				ENABLE_TESTABILITY = YES;
				GCC_C_LANGUAGE_STANDARD = gnu11;
				GCC_DYNAMIC_NO_PIC = NO;
				GCC_NO_COMMON_BLOCKS = YES;
				GCC_OPTIMIZATION_LEVEL = 0;
				GCC_PREPROCESSOR_DEFINITIONS = (
					"DEBUG=1",
					"$(inherited)",
				);
				GCC_WARN_64_TO_32_BIT_CONVERSION = YES;
				GCC_WARN_ABOUT_RETURN_TYPE = YES_ERROR;
				GCC_WARN_UNDECLARED_SELECTOR = YES;
				GCC_WARN_UNINITIALIZED_AUTOS = YES_AGGRESSIVE;
				GCC_WARN_UNUSED_FUNCTION = YES;
				GCC_WARN_UNUSED_VARIABLE = YES;
				IPHONEOS_DEPLOYMENT_TARGET = 11.2;
				MTL_ENABLE_DEBUG_INFO = YES;
				ONLY_ACTIVE_ARCH = YES;
				SDKROOT = iphoneos;
			};
			name = Debug;
		};
		188CC65A207F5431007D749E /* Release */ = {
			isa = XCBuildConfiguration;
			buildSettings = {
				ALWAYS_SEARCH_USER_PATHS = NO;
				CLANG_ANALYZER_NONNULL = YES;
				CLANG_ANALYZER_NUMBER_OBJECT_CONVERSION = YES_AGGRESSIVE;
				CLANG_CXX_LANGUAGE_STANDARD = "gnu++14";
				CLANG_CXX_LIBRARY = "libc++";
				CLANG_ENABLE_MODULES = YES;
				CLANG_ENABLE_OBJC_ARC = YES;
				CLANG_WARN_BLOCK_CAPTURE_AUTORELEASING = YES;
				CLANG_WARN_BOOL_CONVERSION = YES;
				CLANG_WARN_COMMA = YES;
				CLANG_WARN_CONSTANT_CONVERSION = YES;
				CLANG_WARN_DIRECT_OBJC_ISA_USAGE = YES_ERROR;
				CLANG_WARN_DOCUMENTATION_COMMENTS = YES;
				CLANG_WARN_EMPTY_BODY = YES;
				CLANG_WARN_ENUM_CONVERSION = YES;
				CLANG_WARN_INFINITE_RECURSION = YES;
				CLANG_WARN_INT_CONVERSION = YES;
				CLANG_WARN_NON_LITERAL_NULL_CONVERSION = YES;
				CLANG_WARN_OBJC_LITERAL_CONVERSION = YES;
				CLANG_WARN_OBJC_ROOT_CLASS = YES_ERROR;
				CLANG_WARN_RANGE_LOOP_ANALYSIS = YES;
				CLANG_WARN_STRICT_PROTOTYPES = YES;
				CLANG_WARN_SUSPICIOUS_MOVE = YES;
				CLANG_WARN_UNGUARDED_AVAILABILITY = YES_AGGRESSIVE;
				CLANG_WARN_UNREACHABLE_CODE = YES;
				CLANG_WARN__DUPLICATE_METHOD_MATCH = YES;
				CODE_SIGN_IDENTITY = "iPhone Developer";
				COPY_PHASE_STRIP = NO;
				DEBUG_INFORMATION_FORMAT = "dwarf-with-dsym";
				ENABLE_NS_ASSERTIONS = NO;
				ENABLE_STRICT_OBJC_MSGSEND = YES;
				GCC_C_LANGUAGE_STANDARD = gnu11;
				GCC_NO_COMMON_BLOCKS = YES;
				GCC_WARN_64_TO_32_BIT_CONVERSION = YES;
				GCC_WARN_ABOUT_RETURN_TYPE = YES_ERROR;
				GCC_WARN_UNDECLARED_SELECTOR = YES;
				GCC_WARN_UNINITIALIZED_AUTOS = YES_AGGRESSIVE;
				GCC_WARN_UNUSED_FUNCTION = YES;
				GCC_WARN_UNUSED_VARIABLE = YES;
				IPHONEOS_DEPLOYMENT_TARGET = 11.2;
				MTL_ENABLE_DEBUG_INFO = NO;
				SDKROOT = iphoneos;
				VALIDATE_PRODUCT = YES;
			};
			name = Release;
		};
		188CC65C207F5431007D749E /* Debug */ = {
			isa = XCBuildConfiguration;
			baseConfigurationReference = 162AA1D6179FA2D4019BE742 /* Pods-NSMall.debug.xcconfig */;
			buildSettings = {
				ASSETCATALOG_COMPILER_APPICON_NAME = AppIcon;
				CODE_SIGN_STYLE = Automatic;
				DEVELOPMENT_TEAM = 2CGXD3T544;
				GCC_PRECOMPILE_PREFIX_HEADER = YES;
				GCC_PREFIX_HEADER = "$(SRCROOT)/NSMall/PrefixHeader.pch";
				INFOPLIST_FILE = NSMall/Info.plist;
				LD_RUNPATH_SEARCH_PATHS = "$(inherited) @executable_path/Frameworks";
				PRODUCT_BUNDLE_IDENTIFIER = com.www.NSMall;
				PRODUCT_NAME = "$(TARGET_NAME)";
				TARGETED_DEVICE_FAMILY = "1,2";
			};
			name = Debug;
		};
		188CC65D207F5431007D749E /* Release */ = {
			isa = XCBuildConfiguration;
			baseConfigurationReference = 8FEDDD97CEA9FCAA52E970F0 /* Pods-NSMall.release.xcconfig */;
			buildSettings = {
				ASSETCATALOG_COMPILER_APPICON_NAME = AppIcon;
				CODE_SIGN_STYLE = Automatic;
				DEVELOPMENT_TEAM = 2CGXD3T544;
				GCC_PRECOMPILE_PREFIX_HEADER = YES;
				GCC_PREFIX_HEADER = "$(SRCROOT)/NSMall/PrefixHeader.pch";
				INFOPLIST_FILE = NSMall/Info.plist;
				LD_RUNPATH_SEARCH_PATHS = "$(inherited) @executable_path/Frameworks";
				PRODUCT_BUNDLE_IDENTIFIER = com.www.NSMall;
				PRODUCT_NAME = "$(TARGET_NAME)";
				TARGETED_DEVICE_FAMILY = "1,2";
			};
			name = Release;
		};
/* End XCBuildConfiguration section */

/* Begin XCConfigurationList section */
		188CC640207F5430007D749E /* Build configuration list for PBXProject "NSMall" */ = {
			isa = XCConfigurationList;
			buildConfigurations = (
				188CC659207F5431007D749E /* Debug */,
				188CC65A207F5431007D749E /* Release */,
			);
			defaultConfigurationIsVisible = 0;
			defaultConfigurationName = Release;
		};
		188CC65B207F5431007D749E /* Build configuration list for PBXNativeTarget "NSMall" */ = {
			isa = XCConfigurationList;
			buildConfigurations = (
				188CC65C207F5431007D749E /* Debug */,
				188CC65D207F5431007D749E /* Release */,
			);
			defaultConfigurationIsVisible = 0;
			defaultConfigurationName = Release;
		};
/* End XCConfigurationList section */
	};
	rootObject = 188CC63D207F5430007D749E /* Project object */;
}
